
Microsoft Visual Studio Solution File, Format Version 12.00
# Visual Studio Version 16
VisualStudioVersion = 16.0.31424.327
MinimumVisualStudioVersion = 10.0.40219.1
Project("{FAE04EC0-301F-11D3-BF4B-00C04F79EFBC}") = "Graphic", "Graphic\Graphic.csproj", "{510A0528-9EB2-45DA-B052-0183A985DA8E}"
EndProject
Global
	GlobalSection(SolutionConfigurationPlatforms) = preSolution
		Debug|Any CPU = Debug|Any CPU
		Release|Any CPU = Release|Any CPU
	EndGlobalSection
	GlobalSection(ProjectConfigurationPlatforms) = postSolution
		{510A0528-9EB2-45DA-B052-0183A985DA8E}.Debug|Any CPU.ActiveCfg = Debug|Any CPU
		{510A0528-9EB2-45DA-B052-0183A985DA8E}.Debug|Any CPU.Build.0 = Debug|Any CPU
		{510A0528-9EB2-45DA-B052-0183A985DA8E}.Release|Any CPU.ActiveCfg = Release|Any CPU
		{510A0528-9EB2-45DA-B052-0183A985DA8E}.Release|Any CPU.Build.0 = Release|Any CPU
	EndGlobalSection
	GlobalSection(SolutionProperties) = preSolution
		HideSolutionNode = FALSE
	EndGlobalSection
	GlobalSection(ExtensibilityGlobals) = postSolution
		SolutionGuid = {2619A67B-227C-4F40-9426-A5FA21CB6A0C}
	EndGlobalSection
EndGlobal
